// !$*UTF8*$!
{
	archiveVersion = 1;
	classes = {
	};
	objectVersion = 55;
	objects = {

/* Begin PBXBuildFile section */
		6B5DB38B291A06A100E37024 /* PhotoCollectionReusableView.swift in Sources */ = {isa = PBXBuildFile; fileRef = 6B5DB38A291A06A100E37024 /* PhotoCollectionReusableView.swift */; };
		6B6CD89C29197D0D009130D3 /* CommonGroupTableViewCell.swift in Sources */ = {isa = PBXBuildFile; fileRef = 6B6CD89A29197D0D009130D3 /* CommonGroupTableViewCell.swift */; };
		6B6CD89D29197D0D009130D3 /* CommonGroupTableViewCell.xib in Resources */ = {isa = PBXBuildFile; fileRef = 6B6CD89B29197D0D009130D3 /* CommonGroupTableViewCell.xib */; };
		6B6CD8A029199086009130D3 /* Array+SafeSubscript.swift in Sources */ = {isa = PBXBuildFile; fileRef = 6B6CD89F29199086009130D3 /* Array+SafeSubscript.swift */; };
		6B769F162910E2210091426C /* AppDelegate.swift in Sources */ = {isa = PBXBuildFile; fileRef = 6B769F152910E2210091426C /* AppDelegate.swift */; };
		6B769F182910E2210091426C /* SceneDelegate.swift in Sources */ = {isa = PBXBuildFile; fileRef = 6B769F172910E2210091426C /* SceneDelegate.swift */; };
		6B769F1A2910E2210091426C /* AuthorizationViewController.swift in Sources */ = {isa = PBXBuildFile; fileRef = 6B769F192910E2210091426C /* AuthorizationViewController.swift */; };
		6B769F1D2910E2210091426C /* Main.storyboard in Resources */ = {isa = PBXBuildFile; fileRef = 6B769F1B2910E2210091426C /* Main.storyboard */; };
		6B769F1F2910E2230091426C /* Assets.xcassets in Resources */ = {isa = PBXBuildFile; fileRef = 6B769F1E2910E2230091426C /* Assets.xcassets */; };
		6B769F222910E2230091426C /* LaunchScreen.storyboard in Resources */ = {isa = PBXBuildFile; fileRef = 6B769F202910E2230091426C /* LaunchScreen.storyboard */; };
		6B888F6D2911A9FA00C4D7A3 /* StringsConstants.swift in Sources */ = {isa = PBXBuildFile; fileRef = 6B888F6C2911A9FA00C4D7A3 /* StringsConstants.swift */; };
		6BC426412918ED0E00FBFE53 /* FriendListTableViewController.swift in Sources */ = {isa = PBXBuildFile; fileRef = 6BC426402918ED0E00FBFE53 /* FriendListTableViewController.swift */; };
		6BC426442918F07900FBFE53 /* FriendPhotoCollectionViewController.swift in Sources */ = {isa = PBXBuildFile; fileRef = 6BC426432918F07900FBFE53 /* FriendPhotoCollectionViewController.swift */; };
		6BC426482918F57A00FBFE53 /* Model.swift in Sources */ = {isa = PBXBuildFile; fileRef = 6BC426472918F57A00FBFE53 /* Model.swift */; };
		6BC4264D2918F61C00FBFE53 /* UserInfo.swift in Sources */ = {isa = PBXBuildFile; fileRef = 6BC4264C2918F61C00FBFE53 /* UserInfo.swift */; };
		6BC426502918F7C600FBFE53 /* GroupsInfo.swift in Sources */ = {isa = PBXBuildFile; fileRef = 6BC4264F2918F7C600FBFE53 /* GroupsInfo.swift */; };
		6BC426532918FF4C00FBFE53 /* MyGroupsTableViewController.swift in Sources */ = {isa = PBXBuildFile; fileRef = 6BC426522918FF4C00FBFE53 /* MyGroupsTableViewController.swift */; };
		6BC426562919001100FBFE53 /* SearchGroupTableViewController.swift in Sources */ = {isa = PBXBuildFile; fileRef = 6BC426552919001100FBFE53 /* SearchGroupTableViewController.swift */; };
		6BE3782D291A003900A0DBB0 /* PhotoCollectionViewCell.swift in Sources */ = {isa = PBXBuildFile; fileRef = 6BE3782C291A003900A0DBB0 /* PhotoCollectionViewCell.swift */; };
/* End PBXBuildFile section */

/* Begin PBXFileReference section */
		6B5DB38A291A06A100E37024 /* PhotoCollectionReusableView.swift */ = {isa = PBXFileReference; lastKnownFileType = sourcecode.swift; path = PhotoCollectionReusableView.swift; sourceTree = "<group>"; };
		6B6CD89A29197D0D009130D3 /* CommonGroupTableViewCell.swift */ = {isa = PBXFileReference; lastKnownFileType = sourcecode.swift; path = CommonGroupTableViewCell.swift; sourceTree = "<group>"; };
		6B6CD89B29197D0D009130D3 /* CommonGroupTableViewCell.xib */ = {isa = PBXFileReference; lastKnownFileType = file.xib; path = CommonGroupTableViewCell.xib; sourceTree = "<group>"; };
		6B6CD89F29199086009130D3 /* Array+SafeSubscript.swift */ = {isa = PBXFileReference; lastKnownFileType = sourcecode.swift; path = "Array+SafeSubscript.swift"; sourceTree = "<group>"; };
		6B769F122910E2210091426C /* VK.app */ = {isa = PBXFileReference; explicitFileType = wrapper.application; includeInIndex = 0; path = VK.app; sourceTree = BUILT_PRODUCTS_DIR; };
		6B769F152910E2210091426C /* AppDelegate.swift */ = {isa = PBXFileReference; lastKnownFileType = sourcecode.swift; path = AppDelegate.swift; sourceTree = "<group>"; };
		6B769F172910E2210091426C /* SceneDelegate.swift */ = {isa = PBXFileReference; lastKnownFileType = sourcecode.swift; path = SceneDelegate.swift; sourceTree = "<group>"; };
		6B769F192910E2210091426C /* AuthorizationViewController.swift */ = {isa = PBXFileReference; lastKnownFileType = sourcecode.swift; path = AuthorizationViewController.swift; sourceTree = "<group>"; };
		6B769F1C2910E2210091426C /* Base */ = {isa = PBXFileReference; lastKnownFileType = file.storyboard; name = Base; path = Base.lproj/Main.storyboard; sourceTree = "<group>"; };
		6B769F1E2910E2230091426C /* Assets.xcassets */ = {isa = PBXFileReference; lastKnownFileType = folder.assetcatalog; path = Assets.xcassets; sourceTree = "<group>"; };
		6B769F212910E2230091426C /* Base */ = {isa = PBXFileReference; lastKnownFileType = file.storyboard; name = Base; path = Base.lproj/LaunchScreen.storyboard; sourceTree = "<group>"; };
		6B769F232910E2230091426C /* Info.plist */ = {isa = PBXFileReference; lastKnownFileType = text.plist.xml; path = Info.plist; sourceTree = "<group>"; };
		6B888F6C2911A9FA00C4D7A3 /* StringsConstants.swift */ = {isa = PBXFileReference; lastKnownFileType = sourcecode.swift; path = StringsConstants.swift; sourceTree = "<group>"; };
		6BC426402918ED0E00FBFE53 /* FriendListTableViewController.swift */ = {isa = PBXFileReference; lastKnownFileType = sourcecode.swift; path = FriendListTableViewController.swift; sourceTree = "<group>"; };
		6BC426432918F07900FBFE53 /* FriendPhotoCollectionViewController.swift */ = {isa = PBXFileReference; lastKnownFileType = sourcecode.swift; path = FriendPhotoCollectionViewController.swift; sourceTree = "<group>"; };
		6BC426472918F57A00FBFE53 /* Model.swift */ = {isa = PBXFileReference; lastKnownFileType = sourcecode.swift; path = Model.swift; sourceTree = "<group>"; };
		6BC4264C2918F61C00FBFE53 /* UserInfo.swift */ = {isa = PBXFileReference; lastKnownFileType = sourcecode.swift; path = UserInfo.swift; sourceTree = "<group>"; };
		6BC4264F2918F7C600FBFE53 /* GroupsInfo.swift */ = {isa = PBXFileReference; lastKnownFileType = sourcecode.swift; path = GroupsInfo.swift; sourceTree = "<group>"; };
		6BC426522918FF4C00FBFE53 /* MyGroupsTableViewController.swift */ = {isa = PBXFileReference; lastKnownFileType = sourcecode.swift; path = MyGroupsTableViewController.swift; sourceTree = "<group>"; };
		6BC426552919001100FBFE53 /* SearchGroupTableViewController.swift */ = {isa = PBXFileReference; lastKnownFileType = sourcecode.swift; path = SearchGroupTableViewController.swift; sourceTree = "<group>"; };
		6BE3782C291A003900A0DBB0 /* PhotoCollectionViewCell.swift */ = {isa = PBXFileReference; lastKnownFileType = sourcecode.swift; path = PhotoCollectionViewCell.swift; sourceTree = "<group>"; };
/* End PBXFileReference section */

/* Begin PBXFrameworksBuildPhase section */
		6B769F0F2910E2210091426C /* Frameworks */ = {
			isa = PBXFrameworksBuildPhase;
			buildActionMask = 2147483647;
			files = (
			);
			runOnlyForDeploymentPostprocessing = 0;
		};
/* End PBXFrameworksBuildPhase section */

/* Begin PBXGroup section */
		6B6CD89E29199077009130D3 /* Extension */ = {
			isa = PBXGroup;
			children = (
				6B6CD89F29199086009130D3 /* Array+SafeSubscript.swift */,
			);
			path = Extension;
			sourceTree = "<group>";
		};
		6B769F092910E2210091426C = {
			isa = PBXGroup;
			children = (
				6B769F142910E2210091426C /* VK */,
				6B769F132910E2210091426C /* Products */,
			);
			sourceTree = "<group>";
		};
		6B769F132910E2210091426C /* Products */ = {
			isa = PBXGroup;
			children = (
				6B769F122910E2210091426C /* VK.app */,
			);
			name = Products;
			sourceTree = "<group>";
		};
		6B769F142910E2210091426C /* VK */ = {
			isa = PBXGroup;
			children = (
				6BC426542918FFE700FBFE53 /* SearchGroupScreen */,
				6BC426512918FF1800FBFE53 /* MyGroupsScreen */,
				6BC4264A2918F5F400FBFE53 /* SupportInfo */,
				6BC426462918F56D00FBFE53 /* Model */,
				6B769F2B2910E33F0091426C /* AuthorizationScreen */,
				6BC426422918F05400FBFE53 /* FriendPhotoScreen */,
				6BC4263D2918ECC900FBFE53 /* FriendListScreen */,
				6B769F152910E2210091426C /* AppDelegate.swift */,
				6B769F1B2910E2210091426C /* Main.storyboard */,
				6B769F172910E2210091426C /* SceneDelegate.swift */,
				6B769F1E2910E2230091426C /* Assets.xcassets */,
				6B769F202910E2230091426C /* LaunchScreen.storyboard */,
				6B769F232910E2230091426C /* Info.plist */,
			);
			path = VK;
			sourceTree = "<group>";
		};
		6B769F2B2910E33F0091426C /* AuthorizationScreen */ = {
			isa = PBXGroup;
			children = (
				6B769F192910E2210091426C /* AuthorizationViewController.swift */,
			);
			path = AuthorizationScreen;
			sourceTree = "<group>";
		};
		6BC4263D2918ECC900FBFE53 /* FriendListScreen */ = {
			isa = PBXGroup;
			children = (
				6BC426402918ED0E00FBFE53 /* FriendListTableViewController.swift */,
			);
			path = FriendListScreen;
			sourceTree = "<group>";
		};
		6BC426422918F05400FBFE53 /* FriendPhotoScreen */ = {
			isa = PBXGroup;
			children = (
				6BE3782B291A001600A0DBB0 /* Cell */,
				6BC426432918F07900FBFE53 /* FriendPhotoCollectionViewController.swift */,
				6B5DB38A291A06A100E37024 /* PhotoCollectionReusableView.swift */,
			);
			path = FriendPhotoScreen;
			sourceTree = "<group>";
		};
		6BC426462918F56D00FBFE53 /* Model */ = {
			isa = PBXGroup;
			children = (
				6BC426472918F57A00FBFE53 /* Model.swift */,
			);
			path = Model;
			sourceTree = "<group>";
		};
		6BC4264A2918F5F400FBFE53 /* SupportInfo */ = {
			isa = PBXGroup;
			children = (
				6B888F6C2911A9FA00C4D7A3 /* StringsConstants.swift */,
				6BC4264E2918F7B100FBFE53 /* Communities */,
				6BC4264B2918F60100FBFE53 /* Users */,
			);
			path = SupportInfo;
			sourceTree = "<group>";
		};
		6BC4264B2918F60100FBFE53 /* Users */ = {
			isa = PBXGroup;
			children = (
				6BC4264C2918F61C00FBFE53 /* UserInfo.swift */,
			);
			path = Users;
			sourceTree = "<group>";
		};
		6BC4264E2918F7B100FBFE53 /* Communities */ = {
			isa = PBXGroup;
			children = (
				6BC4264F2918F7C600FBFE53 /* GroupsInfo.swift */,
			);
			path = Communities;
			sourceTree = "<group>";
		};
		6BC426512918FF1800FBFE53 /* MyGroupsScreen */ = {
			isa = PBXGroup;
			children = (
				6BC426522918FF4C00FBFE53 /* MyGroupsTableViewController.swift */,
			);
			path = MyGroupsScreen;
			sourceTree = "<group>";
		};
		6BC426542918FFE700FBFE53 /* SearchGroupScreen */ = {
			isa = PBXGroup;
			children = (
				6B6CD89E29199077009130D3 /* Extension */,
				6BC42657291900FB00FBFE53 /* Cells */,
				6BC426552919001100FBFE53 /* SearchGroupTableViewController.swift */,
			);
			path = SearchGroupScreen;
			sourceTree = "<group>";
		};
		6BC42657291900FB00FBFE53 /* Cells */ = {
			isa = PBXGroup;
			children = (
				6B6CD89A29197D0D009130D3 /* CommonGroupTableViewCell.swift */,
				6B6CD89B29197D0D009130D3 /* CommonGroupTableViewCell.xib */,
			);
			path = Cells;
			sourceTree = "<group>";
		};
		6BE3782B291A001600A0DBB0 /* Cell */ = {
			isa = PBXGroup;
			children = (
				6BE3782C291A003900A0DBB0 /* PhotoCollectionViewCell.swift */,
			);
			path = Cell;
			sourceTree = "<group>";
		};
/* End PBXGroup section */

/* Begin PBXNativeTarget section */
		6B769F112910E2210091426C /* VK */ = {
			isa = PBXNativeTarget;
			buildConfigurationList = 6B769F262910E2230091426C /* Build configuration list for PBXNativeTarget "VK" */;
			buildPhases = (
				6B769F292910E2300091426C /* Swiftformat */,
				6B769F2A2910E2960091426C /* Swiftlint */,
				6B769F0E2910E2210091426C /* Sources */,
				6B769F0F2910E2210091426C /* Frameworks */,
				6B769F102910E2210091426C /* Resources */,
			);
			buildRules = (
			);
			dependencies = (
			);
			name = VK;
			productName = VK;
			productReference = 6B769F122910E2210091426C /* VK.app */;
			productType = "com.apple.product-type.application";
		};
/* End PBXNativeTarget section */

/* Begin PBXProject section */
		6B769F0A2910E2210091426C /* Project object */ = {
			isa = PBXProject;
			attributes = {
				BuildIndependentTargetsInParallel = 1;
				LastSwiftUpdateCheck = 1340;
				LastUpgradeCheck = 1340;
				TargetAttributes = {
					6B769F112910E2210091426C = {
						CreatedOnToolsVersion = 13.4.1;
					};
				};
			};
			buildConfigurationList = 6B769F0D2910E2210091426C /* Build configuration list for PBXProject "VK" */;
			compatibilityVersion = "Xcode 13.0";
			developmentRegion = en;
			hasScannedForEncodings = 0;
			knownRegions = (
				en,
				Base,
			);
			mainGroup = 6B769F092910E2210091426C;
			productRefGroup = 6B769F132910E2210091426C /* Products */;
			projectDirPath = "";
			projectRoot = "";
			targets = (
				6B769F112910E2210091426C /* VK */,
			);
		};
/* End PBXProject section */

/* Begin PBXResourcesBuildPhase section */
		6B769F102910E2210091426C /* Resources */ = {
			isa = PBXResourcesBuildPhase;
			buildActionMask = 2147483647;
			files = (
				6B769F222910E2230091426C /* LaunchScreen.storyboard in Resources */,
				6B769F1F2910E2230091426C /* Assets.xcassets in Resources */,
				6B6CD89D29197D0D009130D3 /* CommonGroupTableViewCell.xib in Resources */,
				6B769F1D2910E2210091426C /* Main.storyboard in Resources */,
			);
			runOnlyForDeploymentPostprocessing = 0;
		};
/* End PBXResourcesBuildPhase section */

/* Begin PBXShellScriptBuildPhase section */
		6B769F292910E2300091426C /* Swiftformat */ = {
			isa = PBXShellScriptBuildPhase;
			buildActionMask = 2147483647;
			files = (
			);
			inputFileListPaths = (
			);
			inputPaths = (
			);
			name = Swiftformat;
			outputFileListPaths = (
			);
			outputPaths = (
			);
			runOnlyForDeploymentPostprocessing = 0;
			shellPath = /bin/sh;
			shellScript = "export PATH=\"$PATH:/opt/homebrew/bin\"\n\nif which swiftformat >/dev/null; then\n  swiftformat .\nelse\n  echo \"warning: SwiftFormat not installed, download from https://github.com/nicklockwood/SwiftFormat\"\nfi\n";
		};
		6B769F2A2910E2960091426C /* Swiftlint */ = {
			isa = PBXShellScriptBuildPhase;
			buildActionMask = 2147483647;
			files = (
			);
			inputFileListPaths = (
			);
			inputPaths = (
			);
			name = Swiftlint;
			outputFileListPaths = (
			);
			outputPaths = (
			);
			runOnlyForDeploymentPostprocessing = 0;
			shellPath = /bin/sh;
			shellScript = "export PATH=\"$PATH:/opt/homebrew/bin\"\nif which swiftlint > /dev/null; then\n  swiftlint\nelse\n  echo \"warning: SwiftLint not installed, download from https://github.com/realm/SwiftLint\"\nfi\n";
		};
/* End PBXShellScriptBuildPhase section */

/* Begin PBXSourcesBuildPhase section */
		6B769F0E2910E2210091426C /* Sources */ = {
			isa = PBXSourcesBuildPhase;
			buildActionMask = 2147483647;
			files = (
				6BC426562919001100FBFE53 /* SearchGroupTableViewController.swift in Sources */,
				6BC426482918F57A00FBFE53 /* Model.swift in Sources */,
				6B888F6D2911A9FA00C4D7A3 /* StringsConstants.swift in Sources */,
				6B6CD89C29197D0D009130D3 /* CommonGroupTableViewCell.swift in Sources */,
				6BC426442918F07900FBFE53 /* FriendPhotoCollectionViewController.swift in Sources */,
				6BC426412918ED0E00FBFE53 /* FriendListTableViewController.swift in Sources */,
				6BC4264D2918F61C00FBFE53 /* UserInfo.swift in Sources */,
				6BC426502918F7C600FBFE53 /* GroupsInfo.swift in Sources */,
				6B769F1A2910E2210091426C /* AuthorizationViewController.swift in Sources */,
				6BC426532918FF4C00FBFE53 /* MyGroupsTableViewController.swift in Sources */,
				6B769F162910E2210091426C /* AppDelegate.swift in Sources */,
				6BE3782D291A003900A0DBB0 /* PhotoCollectionViewCell.swift in Sources */,
				6B5DB38B291A06A100E37024 /* PhotoCollectionReusableView.swift in Sources */,
				6B769F182910E2210091426C /* SceneDelegate.swift in Sources */,
				6B6CD8A029199086009130D3 /* Array+SafeSubscript.swift in Sources */,
			);
			runOnlyForDeploymentPostprocessing = 0;
		};
/* End PBXSourcesBuildPhase section */

/* Begin PBXVariantGroup section */
		6B769F1B2910E2210091426C /* Main.storyboard */ = {
			isa = PBXVariantGroup;
			children = (
				6B769F1C2910E2210091426C /* Base */,
			);
			name = Main.storyboard;
			sourceTree = "<group>";
		};
		6B769F202910E2230091426C /* LaunchScreen.storyboard */ = {
			isa = PBXVariantGroup;
			children = (
				6B769F212910E2230091426C /* Base */,
			);
			name = LaunchScreen.storyboard;
			sourceTree = "<group>";
		};
/* End PBXVariantGroup section */

/* Begin XCBuildConfiguration section */
		6B769F242910E2230091426C /* Debug */ = {
			isa = XCBuildConfiguration;
			buildSettings = {
				ALWAYS_SEARCH_USER_PATHS = NO;
				CLANG_ANALYZER_NONNULL = YES;
				CLANG_ANALYZER_NUMBER_OBJECT_CONVERSION = YES_AGGRESSIVE;
				CLANG_CXX_LANGUAGE_STANDARD = "gnu++17";
				CLANG_ENABLE_MODULES = YES;
				CLANG_ENABLE_OBJC_ARC = YES;
				CLANG_ENABLE_OBJC_WEAK = YES;
				CLANG_WARN_BLOCK_CAPTURE_AUTORELEASING = YES;
				CLANG_WARN_BOOL_CONVERSION = YES;
				CLANG_WARN_COMMA = YES;
				CLANG_WARN_CONSTANT_CONVERSION = YES;
				CLANG_WARN_DEPRECATED_OBJC_IMPLEMENTATIONS = YES;
				CLANG_WARN_DIRECT_OBJC_ISA_USAGE = YES_ERROR;
				CLANG_WARN_DOCUMENTATION_COMMENTS = YES;
				CLANG_WARN_EMPTY_BODY = YES;
				CLANG_WARN_ENUM_CONVERSION = YES;
				CLANG_WARN_INFINITE_RECURSION = YES;
				CLANG_WARN_INT_CONVERSION = YES;
				CLANG_WARN_NON_LITERAL_NULL_CONVERSION = YES;
				CLANG_WARN_OBJC_IMPLICIT_RETAIN_SELF = YES;
				CLANG_WARN_OBJC_LITERAL_CONVERSION = YES;
				CLANG_WARN_OBJC_ROOT_CLASS = YES_ERROR;
				CLANG_WARN_QUOTED_INCLUDE_IN_FRAMEWORK_HEADER = YES;
				CLANG_WARN_RANGE_LOOP_ANALYSIS = YES;
				CLANG_WARN_STRICT_PROTOTYPES = YES;
				CLANG_WARN_SUSPICIOUS_MOVE = YES;
				CLANG_WARN_UNGUARDED_AVAILABILITY = YES_AGGRESSIVE;
				CLANG_WARN_UNREACHABLE_CODE = YES;
				CLANG_WARN__DUPLICATE_METHOD_MATCH = YES;
				COPY_PHASE_STRIP = NO;
				DEBUG_INFORMATION_FORMAT = dwarf;
				ENABLE_STRICT_OBJC_MSGSEND = YES;
				ENABLE_TESTABILITY = YES;
				GCC_C_LANGUAGE_STANDARD = gnu11;
				GCC_DYNAMIC_NO_PIC = NO;
				GCC_NO_COMMON_BLOCKS = YES;
				GCC_OPTIMIZATION_LEVEL = 0;
				GCC_PREPROCESSOR_DEFINITIONS = (
					"DEBUG=1",
					"$(inherited)",
				);
				GCC_WARN_64_TO_32_BIT_CONVERSION = YES;
				GCC_WARN_ABOUT_RETURN_TYPE = YES_ERROR;
				GCC_WARN_UNDECLARED_SELECTOR = YES;
				GCC_WARN_UNINITIALIZED_AUTOS = YES_AGGRESSIVE;
				GCC_WARN_UNUSED_FUNCTION = YES;
				GCC_WARN_UNUSED_VARIABLE = YES;
				IPHONEOS_DEPLOYMENT_TARGET = 15.5;
				MTL_ENABLE_DEBUG_INFO = INCLUDE_SOURCE;
				MTL_FAST_MATH = YES;
				ONLY_ACTIVE_ARCH = YES;
				SDKROOT = iphoneos;
				SWIFT_ACTIVE_COMPILATION_CONDITIONS = DEBUG;
				SWIFT_OPTIMIZATION_LEVEL = "-Onone";
			};
			name = Debug;
		};
		6B769F252910E2230091426C /* Release */ = {
			isa = XCBuildConfiguration;
			buildSettings = {
				ALWAYS_SEARCH_USER_PATHS = NO;
				CLANG_ANALYZER_NONNULL = YES;
				CLANG_ANALYZER_NUMBER_OBJECT_CONVERSION = YES_AGGRESSIVE;
				CLANG_CXX_LANGUAGE_STANDARD = "gnu++17";
				CLANG_ENABLE_MODULES = YES;
				CLANG_ENABLE_OBJC_ARC = YES;
				CLANG_ENABLE_OBJC_WEAK = YES;
				CLANG_WARN_BLOCK_CAPTURE_AUTORELEASING = YES;
				CLANG_WARN_BOOL_CONVERSION = YES;
				CLANG_WARN_COMMA = YES;
				CLANG_WARN_CONSTANT_CONVERSION = YES;
				CLANG_WARN_DEPRECATED_OBJC_IMPLEMENTATIONS = YES;
				CLANG_WARN_DIRECT_OBJC_ISA_USAGE = YES_ERROR;
				CLANG_WARN_DOCUMENTATION_COMMENTS = YES;
				CLANG_WARN_EMPTY_BODY = YES;
				CLANG_WARN_ENUM_CONVERSION = YES;
				CLANG_WARN_INFINITE_RECURSION = YES;
				CLANG_WARN_INT_CONVERSION = YES;
				CLANG_WARN_NON_LITERAL_NULL_CONVERSION = YES;
				CLANG_WARN_OBJC_IMPLICIT_RETAIN_SELF = YES;
				CLANG_WARN_OBJC_LITERAL_CONVERSION = YES;
				CLANG_WARN_OBJC_ROOT_CLASS = YES_ERROR;
				CLANG_WARN_QUOTED_INCLUDE_IN_FRAMEWORK_HEADER = YES;
				CLANG_WARN_RANGE_LOOP_ANALYSIS = YES;
				CLANG_WARN_STRICT_PROTOTYPES = YES;
				CLANG_WARN_SUSPICIOUS_MOVE = YES;
				CLANG_WARN_UNGUARDED_AVAILABILITY = YES_AGGRESSIVE;
				CLANG_WARN_UNREACHABLE_CODE = YES;
				CLANG_WARN__DUPLICATE_METHOD_MATCH = YES;
				COPY_PHASE_STRIP = NO;
				DEBUG_INFORMATION_FORMAT = "dwarf-with-dsym";
				ENABLE_NS_ASSERTIONS = NO;
				ENABLE_STRICT_OBJC_MSGSEND = YES;
				GCC_C_LANGUAGE_STANDARD = gnu11;
				GCC_NO_COMMON_BLOCKS = YES;
				GCC_WARN_64_TO_32_BIT_CONVERSION = YES;
				GCC_WARN_ABOUT_RETURN_TYPE = YES_ERROR;
				GCC_WARN_UNDECLARED_SELECTOR = YES;
				GCC_WARN_UNINITIALIZED_AUTOS = YES_AGGRESSIVE;
				GCC_WARN_UNUSED_FUNCTION = YES;
				GCC_WARN_UNUSED_VARIABLE = YES;
				IPHONEOS_DEPLOYMENT_TARGET = 15.5;
				MTL_ENABLE_DEBUG_INFO = NO;
				MTL_FAST_MATH = YES;
				SDKROOT = iphoneos;
				SWIFT_COMPILATION_MODE = wholemodule;
				SWIFT_OPTIMIZATION_LEVEL = "-O";
				VALIDATE_PRODUCT = YES;
			};
			name = Release;
		};
		6B769F272910E2230091426C /* Debug */ = {
			isa = XCBuildConfiguration;
			buildSettings = {
				ASSETCATALOG_COMPILER_APPICON_NAME = AppIcon;
				ASSETCATALOG_COMPILER_GLOBAL_ACCENT_COLOR_NAME = AccentColor;
				CODE_SIGN_STYLE = Automatic;
				CURRENT_PROJECT_VERSION = 1;
				GENERATE_INFOPLIST_FILE = YES;
				INFOPLIST_FILE = VK/Info.plist;
				INFOPLIST_KEY_UIApplicationSupportsIndirectInputEvents = YES;
				INFOPLIST_KEY_UILaunchStoryboardName = LaunchScreen;
				INFOPLIST_KEY_UIMainStoryboardFile = Main;
				INFOPLIST_KEY_UISupportedInterfaceOrientations_iPad = "UIInterfaceOrientationPortrait UIInterfaceOrientationPortraitUpsideDown UIInterfaceOrientationLandscapeLeft UIInterfaceOrientationLandscapeRight";
				INFOPLIST_KEY_UISupportedInterfaceOrientations_iPhone = "UIInterfaceOrientationPortrait UIInterfaceOrientationLandscapeLeft UIInterfaceOrientationLandscapeRight";
				LD_RUNPATH_SEARCH_PATHS = (
					"$(inherited)",
					"@executable_path/Frameworks",
				);
				MARKETING_VERSION = 1.0;
				PRODUCT_BUNDLE_IDENTIFIER = someacc.VK;
				PRODUCT_NAME = "$(TARGET_NAME)";
				SWIFT_EMIT_LOC_STRINGS = YES;
				SWIFT_VERSION = 5.0;
				TARGETED_DEVICE_FAMILY = "1,2";
			};
			name = Debug;
		};
		6B769F282910E2230091426C /* Release */ = {
			isa = XCBuildConfiguration;
			buildSettings = {
				ASSETCATALOG_COMPILER_APPICON_NAME = AppIcon;
				ASSETCATALOG_COMPILER_GLOBAL_ACCENT_COLOR_NAME = AccentColor;
				CODE_SIGN_STYLE = Automatic;
				CURRENT_PROJECT_VERSION = 1;
				GENERATE_INFOPLIST_FILE = YES;
				INFOPLIST_FILE = VK/Info.plist;
				INFOPLIST_KEY_UIApplicationSupportsIndirectInputEvents = YES;
				INFOPLIST_KEY_UILaunchStoryboardName = LaunchScreen;
				INFOPLIST_KEY_UIMainStoryboardFile = Main;
				INFOPLIST_KEY_UISupportedInterfaceOrientations_iPad = "UIInterfaceOrientationPortrait UIInterfaceOrientationPortraitUpsideDown UIInterfaceOrientationLandscapeLeft UIInterfaceOrientationLandscapeRight";
				INFOPLIST_KEY_UISupportedInterfaceOrientations_iPhone = "UIInterfaceOrientationPortrait UIInterfaceOrientationLandscapeLeft UIInterfaceOrientationLandscapeRight";
				LD_RUNPATH_SEARCH_PATHS = (
					"$(inherited)",
					"@executable_path/Frameworks",
				);
				MARKETING_VERSION = 1.0;
				PRODUCT_BUNDLE_IDENTIFIER = someacc.VK;
				PRODUCT_NAME = "$(TARGET_NAME)";
				SWIFT_EMIT_LOC_STRINGS = YES;
				SWIFT_VERSION = 5.0;
				TARGETED_DEVICE_FAMILY = "1,2";
			};
			name = Release;
		};
/* End XCBuildConfiguration section */

/* Begin XCConfigurationList section */
		6B769F0D2910E2210091426C /* Build configuration list for PBXProject "VK" */ = {
			isa = XCConfigurationList;
			buildConfigurations = (
				6B769F242910E2230091426C /* Debug */,
				6B769F252910E2230091426C /* Release */,
			);
			defaultConfigurationIsVisible = 0;
			defaultConfigurationName = Release;
		};
		6B769F262910E2230091426C /* Build configuration list for PBXNativeTarget "VK" */ = {
			isa = XCConfigurationList;
			buildConfigurations = (
				6B769F272910E2230091426C /* Debug */,
				6B769F282910E2230091426C /* Release */,
			);
			defaultConfigurationIsVisible = 0;
			defaultConfigurationName = Release;
		};
/* End XCConfigurationList section */
	};
	rootObject = 6B769F0A2910E2210091426C /* Project object */;
}
