// !$*UTF8*$!
{
	archiveVersion = 1;
	classes = {
	};
	objectVersion = 55;
	objects = {

/* Begin PBXBuildFile section */
		6B1E28C729346338001E6D14 /* PhotoCollectionReusableView.swift in Sources */ = {isa = PBXBuildFile; fileRef = 6B1E28C529346338001E6D14 /* PhotoCollectionReusableView.swift */; };
		6B1E28C829346338001E6D14 /* PhotoCollectionReusableView.xib in Resources */ = {isa = PBXBuildFile; fileRef = 6B1E28C629346338001E6D14 /* PhotoCollectionReusableView.xib */; };
		6B2BC18529386BC900E28711 /* DataBaseService.swift in Sources */ = {isa = PBXBuildFile; fileRef = 6B2BC18429386BC900E28711 /* DataBaseService.swift */; };
		6B4D6B1E291B16E600561929 /* GroupTableViewController.swift in Sources */ = {isa = PBXBuildFile; fileRef = 6B4D6B1D291B16E600561929 /* GroupTableViewController.swift */; };
		6B4D6B21291B1E5800561929 /* NewTableViewCell.swift in Sources */ = {isa = PBXBuildFile; fileRef = 6B4D6B1F291B1E5800561929 /* NewTableViewCell.swift */; };
		6B4D6B22291B1E5800561929 /* NewTableViewCell.xib in Resources */ = {isa = PBXBuildFile; fileRef = 6B4D6B20291B1E5800561929 /* NewTableViewCell.xib */; };
		6B4D6B25291B520B00561929 /* Loader.swift in Sources */ = {isa = PBXBuildFile; fileRef = 6B4D6B24291B520B00561929 /* Loader.swift */; };
		6B5E77B8293FAC9900AAE0E5 /* NameDateCell.swift in Sources */ = {isa = PBXBuildFile; fileRef = 6B5E77B6293FAC9900AAE0E5 /* NameDateCell.swift */; };
		6B5E77B9293FAC9900AAE0E5 /* NameDateCell.xib in Resources */ = {isa = PBXBuildFile; fileRef = 6B5E77B7293FAC9900AAE0E5 /* NameDateCell.xib */; };
		6B5E77BE293FACC700AAE0E5 /* TextCell.swift in Sources */ = {isa = PBXBuildFile; fileRef = 6B5E77BC293FACC700AAE0E5 /* TextCell.swift */; };
		6B5E77BF293FACC700AAE0E5 /* TextCell.xib in Resources */ = {isa = PBXBuildFile; fileRef = 6B5E77BD293FACC700AAE0E5 /* TextCell.xib */; };
		6B5E77C3293FACE500AAE0E5 /* ImageCell.swift in Sources */ = {isa = PBXBuildFile; fileRef = 6B5E77C1293FACE500AAE0E5 /* ImageCell.swift */; };
		6B5E77C4293FACE500AAE0E5 /* ImageCell.xib in Resources */ = {isa = PBXBuildFile; fileRef = 6B5E77C2293FACE500AAE0E5 /* ImageCell.xib */; };
		6B5E77C8293FAD0D00AAE0E5 /* UsersReactionsCell.swift in Sources */ = {isa = PBXBuildFile; fileRef = 6B5E77C6293FAD0D00AAE0E5 /* UsersReactionsCell.swift */; };
		6B5E77C9293FAD0D00AAE0E5 /* UsersReactionsCell.xib in Resources */ = {isa = PBXBuildFile; fileRef = 6B5E77C7293FAD0D00AAE0E5 /* UsersReactionsCell.xib */; };
		6B5E77CB293FC53200AAE0E5 /* NewsPostResponse.swift in Sources */ = {isa = PBXBuildFile; fileRef = 6B5E77CA293FC53200AAE0E5 /* NewsPostResponse.swift */; };
		6B5E77CD293FC5AA00AAE0E5 /* NewsPostItem.swift in Sources */ = {isa = PBXBuildFile; fileRef = 6B5E77CC293FC5AA00AAE0E5 /* NewsPostItem.swift */; };
		6B5E77CF293FC61800AAE0E5 /* Comments.swift in Sources */ = {isa = PBXBuildFile; fileRef = 6B5E77CE293FC61800AAE0E5 /* Comments.swift */; };
		6B5E77D1293FC66C00AAE0E5 /* Likes.swift in Sources */ = {isa = PBXBuildFile; fileRef = 6B5E77D0293FC66C00AAE0E5 /* Likes.swift */; };
		6B5E77D3293FC6A000AAE0E5 /* Reposts.swift in Sources */ = {isa = PBXBuildFile; fileRef = 6B5E77D2293FC6A000AAE0E5 /* Reposts.swift */; };
		6B5E77D5293FC72600AAE0E5 /* PostsAttachment.swift in Sources */ = {isa = PBXBuildFile; fileRef = 6B5E77D4293FC72600AAE0E5 /* PostsAttachment.swift */; };
		6B6CD89C29197D0D009130D3 /* CommonGroupTableViewCell.swift in Sources */ = {isa = PBXBuildFile; fileRef = 6B6CD89A29197D0D009130D3 /* CommonGroupTableViewCell.swift */; };
		6B6CD89D29197D0D009130D3 /* CommonGroupTableViewCell.xib in Resources */ = {isa = PBXBuildFile; fileRef = 6B6CD89B29197D0D009130D3 /* CommonGroupTableViewCell.xib */; };
		6B6CD8A029199086009130D3 /* Array+Extension.swift in Sources */ = {isa = PBXBuildFile; fileRef = 6B6CD89F29199086009130D3 /* Array+Extension.swift */; };
		6B769F162910E2210091426C /* AppDelegate.swift in Sources */ = {isa = PBXBuildFile; fileRef = 6B769F152910E2210091426C /* AppDelegate.swift */; };
		6B769F182910E2210091426C /* SceneDelegate.swift in Sources */ = {isa = PBXBuildFile; fileRef = 6B769F172910E2210091426C /* SceneDelegate.swift */; };
		6B769F1A2910E2210091426C /* AuthorizationViewController.swift in Sources */ = {isa = PBXBuildFile; fileRef = 6B769F192910E2210091426C /* AuthorizationViewController.swift */; };
		6B769F1D2910E2210091426C /* Main.storyboard in Resources */ = {isa = PBXBuildFile; fileRef = 6B769F1B2910E2210091426C /* Main.storyboard */; };
		6B769F1F2910E2230091426C /* Assets.xcassets in Resources */ = {isa = PBXBuildFile; fileRef = 6B769F1E2910E2230091426C /* Assets.xcassets */; };
		6B769F222910E2230091426C /* LaunchScreen.storyboard in Resources */ = {isa = PBXBuildFile; fileRef = 6B769F202910E2230091426C /* LaunchScreen.storyboard */; };
		6B80DFE529307251008B8FBD /* GroupsResponse.swift in Sources */ = {isa = PBXBuildFile; fileRef = 6B80DFE429307251008B8FBD /* GroupsResponse.swift */; };
		6B80DFE729308BFB008B8FBD /* PhotoResponse.swift in Sources */ = {isa = PBXBuildFile; fileRef = 6B80DFE629308BFB008B8FBD /* PhotoResponse.swift */; };
		6B856950291DA9F400510E21 /* CustomNavigationController.swift in Sources */ = {isa = PBXBuildFile; fileRef = 6B85694F291DA9F400510E21 /* CustomNavigationController.swift */; };
		6B856952291E112F00510E21 /* CustomInteractionTransition.swift in Sources */ = {isa = PBXBuildFile; fileRef = 6B856951291E112F00510E21 /* CustomInteractionTransition.swift */; };
		6B856954291E11BD00510E21 /* PopAnimator.swift in Sources */ = {isa = PBXBuildFile; fileRef = 6B856953291E11BD00510E21 /* PopAnimator.swift */; };
		6B856956291E133100510E21 /* PushAnimator.swift in Sources */ = {isa = PBXBuildFile; fileRef = 6B856955291E133100510E21 /* PushAnimator.swift */; };
		6B888F6D2911A9FA00C4D7A3 /* StringsConstants.swift in Sources */ = {isa = PBXBuildFile; fileRef = 6B888F6C2911A9FA00C4D7A3 /* StringsConstants.swift */; };
		6B8FD30D2937BFE300053BBA /* Friend.swift in Sources */ = {isa = PBXBuildFile; fileRef = 6B8FD30C2937BFE300053BBA /* Friend.swift */; };
		6B8FD30F2937C00300053BBA /* City.swift in Sources */ = {isa = PBXBuildFile; fileRef = 6B8FD30E2937C00300053BBA /* City.swift */; };
		6B8FD3112937C04B00053BBA /* Group.swift in Sources */ = {isa = PBXBuildFile; fileRef = 6B8FD3102937C04B00053BBA /* Group.swift */; };
		6B8FD3132937C0B400053BBA /* PhotoItems.swift in Sources */ = {isa = PBXBuildFile; fileRef = 6B8FD3122937C0B400053BBA /* PhotoItems.swift */; };
		6B8FD3152937C0DA00053BBA /* Size.swift in Sources */ = {isa = PBXBuildFile; fileRef = 6B8FD3142937C0DA00053BBA /* Size.swift */; };
		6B8FD3172937D40E00053BBA /* Photo.swift in Sources */ = {isa = PBXBuildFile; fileRef = 6B8FD3162937D40E00053BBA /* Photo.swift */; };
		6BA6FD4429427AC800015C7E /* AsyncOperation.swift in Sources */ = {isa = PBXBuildFile; fileRef = 6BA6FD4329427AC800015C7E /* AsyncOperation.swift */; };
		6BA6FD472942829E00015C7E /* FetchFriendsAsyncOperation.swift in Sources */ = {isa = PBXBuildFile; fileRef = 6BA6FD462942829E00015C7E /* FetchFriendsAsyncOperation.swift */; };
		6BA6FD4A294288B700015C7E /* SaveDataOperation.swift in Sources */ = {isa = PBXBuildFile; fileRef = 6BA6FD49294288B700015C7E /* SaveDataOperation.swift */; };
		6BB9E7B9293FD0C60033FCB4 /* NewsPostCellProtocol.swift in Sources */ = {isa = PBXBuildFile; fileRef = 6BB9E7B8293FD0C60033FCB4 /* NewsPostCellProtocol.swift */; };
		6BB9E7BB29403EBE0033FCB4 /* UIImageVIew+Extension.swift in Sources */ = {isa = PBXBuildFile; fileRef = 6BB9E7BA29403EBE0033FCB4 /* UIImageVIew+Extension.swift */; };
		6BB9E7BD2940596F0033FCB4 /* PostType.swift in Sources */ = {isa = PBXBuildFile; fileRef = 6BB9E7BC2940596F0033FCB4 /* PostType.swift */; };
		6BC426412918ED0E00FBFE53 /* FriendListTableViewController.swift in Sources */ = {isa = PBXBuildFile; fileRef = 6BC426402918ED0E00FBFE53 /* FriendListTableViewController.swift */; };
		6BC426442918F07900FBFE53 /* FriendPhotoCollectionViewController.swift in Sources */ = {isa = PBXBuildFile; fileRef = 6BC426432918F07900FBFE53 /* FriendPhotoCollectionViewController.swift */; };
		6BC426482918F57A00FBFE53 /* NetworkUnit.swift in Sources */ = {isa = PBXBuildFile; fileRef = 6BC426472918F57A00FBFE53 /* NetworkUnit.swift */; };
		6BC4264D2918F61C00FBFE53 /* UserInfo.swift in Sources */ = {isa = PBXBuildFile; fileRef = 6BC4264C2918F61C00FBFE53 /* UserInfo.swift */; };
		6BC426502918F7C600FBFE53 /* GroupsInfo.swift in Sources */ = {isa = PBXBuildFile; fileRef = 6BC4264F2918F7C600FBFE53 /* GroupsInfo.swift */; };
		6BC426532918FF4C00FBFE53 /* ClientsGroupsTableViewController.swift in Sources */ = {isa = PBXBuildFile; fileRef = 6BC426522918FF4C00FBFE53 /* ClientsGroupsTableViewController.swift */; };
		6BC426562919001100FBFE53 /* SearchGroupTableViewController.swift in Sources */ = {isa = PBXBuildFile; fileRef = 6BC426552919001100FBFE53 /* SearchGroupTableViewController.swift */; };
		6BC4F44C292DD79F00F54785 /* NetworkServicable.swift in Sources */ = {isa = PBXBuildFile; fileRef = 6BC4F44B292DD79F00F54785 /* NetworkServicable.swift */; };
		6BC4F44E292DD7EB00F54785 /* NetworkService.swift in Sources */ = {isa = PBXBuildFile; fileRef = 6BC4F44D292DD7EB00F54785 /* NetworkService.swift */; };
		6BCBBEB52937B34700E6FEB8 /* Session.swift in Sources */ = {isa = PBXBuildFile; fileRef = 6BCBBEB42937B34600E6FEB8 /* Session.swift */; };
		6BE3782D291A003900A0DBB0 /* PhotoCollectionViewCell.swift in Sources */ = {isa = PBXBuildFile; fileRef = 6BE3782C291A003900A0DBB0 /* PhotoCollectionViewCell.swift */; };
		6BE53E7C291CAB23003C3750 /* ShowFriendPhotoScreenViewController.swift in Sources */ = {isa = PBXBuildFile; fileRef = 6BE53E7B291CAB23003C3750 /* ShowFriendPhotoScreenViewController.swift */; };
		6BE53E7E291CAB96003C3750 /* ShowPhotoView.xib in Resources */ = {isa = PBXBuildFile; fileRef = 6BE53E7D291CAB96003C3750 /* ShowPhotoView.xib */; };
		6BE53E80291CABC7003C3750 /* ShowPhotoView.swift in Sources */ = {isa = PBXBuildFile; fileRef = 6BE53E7F291CABC7003C3750 /* ShowPhotoView.swift */; };
		6BE949DA292F348D0091DF14 /* FriendsResponse.swift in Sources */ = {isa = PBXBuildFile; fileRef = 6BE949D9292F348D0091DF14 /* FriendsResponse.swift */; };
		860E5B1C578081B42B5189E1 /* Pods_VK.framework in Frameworks */ = {isa = PBXBuildFile; fileRef = D6E8662B732E19A1E22C4722 /* Pods_VK.framework */; };
/* End PBXBuildFile section */

/* Begin PBXFileReference section */
		38D97EF06FFBC5CD80E83D40 /* Pods-VK.debug.xcconfig */ = {isa = PBXFileReference; includeInIndex = 1; lastKnownFileType = text.xcconfig; name = "Pods-VK.debug.xcconfig"; path = "Target Support Files/Pods-VK/Pods-VK.debug.xcconfig"; sourceTree = "<group>"; };
		4586AE3DF63ECD2ABACB7DE9 /* Pods-VK.release.xcconfig */ = {isa = PBXFileReference; includeInIndex = 1; lastKnownFileType = text.xcconfig; name = "Pods-VK.release.xcconfig"; path = "Target Support Files/Pods-VK/Pods-VK.release.xcconfig"; sourceTree = "<group>"; };
		6B1E28C529346338001E6D14 /* PhotoCollectionReusableView.swift */ = {isa = PBXFileReference; lastKnownFileType = sourcecode.swift; path = PhotoCollectionReusableView.swift; sourceTree = "<group>"; };
		6B1E28C629346338001E6D14 /* PhotoCollectionReusableView.xib */ = {isa = PBXFileReference; lastKnownFileType = file.xib; path = PhotoCollectionReusableView.xib; sourceTree = "<group>"; };
		6B2BC18429386BC900E28711 /* DataBaseService.swift */ = {isa = PBXFileReference; lastKnownFileType = sourcecode.swift; path = DataBaseService.swift; sourceTree = "<group>"; };
		6B4D6B1D291B16E600561929 /* GroupTableViewController.swift */ = {isa = PBXFileReference; lastKnownFileType = sourcecode.swift; path = GroupTableViewController.swift; sourceTree = "<group>"; };
		6B4D6B1F291B1E5800561929 /* NewTableViewCell.swift */ = {isa = PBXFileReference; lastKnownFileType = sourcecode.swift; path = NewTableViewCell.swift; sourceTree = "<group>"; };
		6B4D6B20291B1E5800561929 /* NewTableViewCell.xib */ = {isa = PBXFileReference; lastKnownFileType = file.xib; path = NewTableViewCell.xib; sourceTree = "<group>"; };
		6B4D6B24291B520B00561929 /* Loader.swift */ = {isa = PBXFileReference; lastKnownFileType = sourcecode.swift; path = Loader.swift; sourceTree = "<group>"; };
		6B5E77B6293FAC9900AAE0E5 /* NameDateCell.swift */ = {isa = PBXFileReference; lastKnownFileType = sourcecode.swift; path = NameDateCell.swift; sourceTree = "<group>"; };
		6B5E77B7293FAC9900AAE0E5 /* NameDateCell.xib */ = {isa = PBXFileReference; lastKnownFileType = file.xib; path = NameDateCell.xib; sourceTree = "<group>"; };
		6B5E77BC293FACC700AAE0E5 /* TextCell.swift */ = {isa = PBXFileReference; lastKnownFileType = sourcecode.swift; path = TextCell.swift; sourceTree = "<group>"; };
		6B5E77BD293FACC700AAE0E5 /* TextCell.xib */ = {isa = PBXFileReference; lastKnownFileType = file.xib; path = TextCell.xib; sourceTree = "<group>"; };
		6B5E77C1293FACE500AAE0E5 /* ImageCell.swift */ = {isa = PBXFileReference; lastKnownFileType = sourcecode.swift; path = ImageCell.swift; sourceTree = "<group>"; };
		6B5E77C2293FACE500AAE0E5 /* ImageCell.xib */ = {isa = PBXFileReference; lastKnownFileType = file.xib; path = ImageCell.xib; sourceTree = "<group>"; };
		6B5E77C6293FAD0D00AAE0E5 /* UsersReactionsCell.swift */ = {isa = PBXFileReference; lastKnownFileType = sourcecode.swift; path = UsersReactionsCell.swift; sourceTree = "<group>"; };
		6B5E77C7293FAD0D00AAE0E5 /* UsersReactionsCell.xib */ = {isa = PBXFileReference; lastKnownFileType = file.xib; path = UsersReactionsCell.xib; sourceTree = "<group>"; };
		6B5E77CA293FC53200AAE0E5 /* NewsPostResponse.swift */ = {isa = PBXFileReference; lastKnownFileType = sourcecode.swift; path = NewsPostResponse.swift; sourceTree = "<group>"; };
		6B5E77CC293FC5AA00AAE0E5 /* NewsPostItem.swift */ = {isa = PBXFileReference; lastKnownFileType = sourcecode.swift; path = NewsPostItem.swift; sourceTree = "<group>"; };
		6B5E77CE293FC61800AAE0E5 /* Comments.swift */ = {isa = PBXFileReference; lastKnownFileType = sourcecode.swift; path = Comments.swift; sourceTree = "<group>"; };
		6B5E77D0293FC66C00AAE0E5 /* Likes.swift */ = {isa = PBXFileReference; lastKnownFileType = sourcecode.swift; path = Likes.swift; sourceTree = "<group>"; };
		6B5E77D2293FC6A000AAE0E5 /* Reposts.swift */ = {isa = PBXFileReference; lastKnownFileType = sourcecode.swift; path = Reposts.swift; sourceTree = "<group>"; };
		6B5E77D4293FC72600AAE0E5 /* PostsAttachment.swift */ = {isa = PBXFileReference; lastKnownFileType = sourcecode.swift; path = PostsAttachment.swift; sourceTree = "<group>"; };
		6B6CD89A29197D0D009130D3 /* CommonGroupTableViewCell.swift */ = {isa = PBXFileReference; lastKnownFileType = sourcecode.swift; path = CommonGroupTableViewCell.swift; sourceTree = "<group>"; };
		6B6CD89B29197D0D009130D3 /* CommonGroupTableViewCell.xib */ = {isa = PBXFileReference; lastKnownFileType = file.xib; path = CommonGroupTableViewCell.xib; sourceTree = "<group>"; };
		6B6CD89F29199086009130D3 /* Array+Extension.swift */ = {isa = PBXFileReference; lastKnownFileType = sourcecode.swift; path = "Array+Extension.swift"; sourceTree = "<group>"; };
		6B769F122910E2210091426C /* VK.app */ = {isa = PBXFileReference; explicitFileType = wrapper.application; includeInIndex = 0; path = VK.app; sourceTree = BUILT_PRODUCTS_DIR; };
		6B769F152910E2210091426C /* AppDelegate.swift */ = {isa = PBXFileReference; lastKnownFileType = sourcecode.swift; path = AppDelegate.swift; sourceTree = "<group>"; };
		6B769F172910E2210091426C /* SceneDelegate.swift */ = {isa = PBXFileReference; lastKnownFileType = sourcecode.swift; path = SceneDelegate.swift; sourceTree = "<group>"; };
		6B769F192910E2210091426C /* AuthorizationViewController.swift */ = {isa = PBXFileReference; lastKnownFileType = sourcecode.swift; path = AuthorizationViewController.swift; sourceTree = "<group>"; };
		6B769F1C2910E2210091426C /* Base */ = {isa = PBXFileReference; lastKnownFileType = file.storyboard; name = Base; path = Base.lproj/Main.storyboard; sourceTree = "<group>"; };
		6B769F1E2910E2230091426C /* Assets.xcassets */ = {isa = PBXFileReference; lastKnownFileType = folder.assetcatalog; path = Assets.xcassets; sourceTree = "<group>"; };
		6B769F212910E2230091426C /* Base */ = {isa = PBXFileReference; lastKnownFileType = file.storyboard; name = Base; path = Base.lproj/LaunchScreen.storyboard; sourceTree = "<group>"; };
		6B769F232910E2230091426C /* Info.plist */ = {isa = PBXFileReference; lastKnownFileType = text.plist.xml; path = Info.plist; sourceTree = "<group>"; };
		6B80DFE429307251008B8FBD /* GroupsResponse.swift */ = {isa = PBXFileReference; lastKnownFileType = sourcecode.swift; path = GroupsResponse.swift; sourceTree = "<group>"; };
		6B80DFE629308BFB008B8FBD /* PhotoResponse.swift */ = {isa = PBXFileReference; lastKnownFileType = sourcecode.swift; path = PhotoResponse.swift; sourceTree = "<group>"; };
		6B85694F291DA9F400510E21 /* CustomNavigationController.swift */ = {isa = PBXFileReference; lastKnownFileType = sourcecode.swift; path = CustomNavigationController.swift; sourceTree = "<group>"; };
		6B856951291E112F00510E21 /* CustomInteractionTransition.swift */ = {isa = PBXFileReference; lastKnownFileType = sourcecode.swift; path = CustomInteractionTransition.swift; sourceTree = "<group>"; };
		6B856953291E11BD00510E21 /* PopAnimator.swift */ = {isa = PBXFileReference; lastKnownFileType = sourcecode.swift; path = PopAnimator.swift; sourceTree = "<group>"; };
		6B856955291E133100510E21 /* PushAnimator.swift */ = {isa = PBXFileReference; lastKnownFileType = sourcecode.swift; path = PushAnimator.swift; sourceTree = "<group>"; };
		6B888F6C2911A9FA00C4D7A3 /* StringsConstants.swift */ = {isa = PBXFileReference; lastKnownFileType = sourcecode.swift; path = StringsConstants.swift; sourceTree = "<group>"; };
		6B8FD30C2937BFE300053BBA /* Friend.swift */ = {isa = PBXFileReference; lastKnownFileType = sourcecode.swift; path = Friend.swift; sourceTree = "<group>"; };
		6B8FD30E2937C00300053BBA /* City.swift */ = {isa = PBXFileReference; lastKnownFileType = sourcecode.swift; path = City.swift; sourceTree = "<group>"; };
		6B8FD3102937C04B00053BBA /* Group.swift */ = {isa = PBXFileReference; lastKnownFileType = sourcecode.swift; path = Group.swift; sourceTree = "<group>"; };
		6B8FD3122937C0B400053BBA /* PhotoItems.swift */ = {isa = PBXFileReference; lastKnownFileType = sourcecode.swift; path = PhotoItems.swift; sourceTree = "<group>"; };
		6B8FD3142937C0DA00053BBA /* Size.swift */ = {isa = PBXFileReference; lastKnownFileType = sourcecode.swift; path = Size.swift; sourceTree = "<group>"; };
		6B8FD3162937D40E00053BBA /* Photo.swift */ = {isa = PBXFileReference; lastKnownFileType = sourcecode.swift; path = Photo.swift; sourceTree = "<group>"; };
		6BA6FD4329427AC800015C7E /* AsyncOperation.swift */ = {isa = PBXFileReference; lastKnownFileType = sourcecode.swift; path = AsyncOperation.swift; sourceTree = "<group>"; };
		6BA6FD462942829E00015C7E /* FetchFriendsAsyncOperation.swift */ = {isa = PBXFileReference; lastKnownFileType = sourcecode.swift; path = FetchFriendsAsyncOperation.swift; sourceTree = "<group>"; };
		6BA6FD49294288B700015C7E /* SaveDataOperation.swift */ = {isa = PBXFileReference; lastKnownFileType = sourcecode.swift; path = SaveDataOperation.swift; sourceTree = "<group>"; };
		6BB9E7B8293FD0C60033FCB4 /* NewsPostCellProtocol.swift */ = {isa = PBXFileReference; lastKnownFileType = sourcecode.swift; path = NewsPostCellProtocol.swift; sourceTree = "<group>"; };
		6BB9E7BA29403EBE0033FCB4 /* UIImageVIew+Extension.swift */ = {isa = PBXFileReference; lastKnownFileType = sourcecode.swift; path = "UIImageVIew+Extension.swift"; sourceTree = "<group>"; };
		6BB9E7BC2940596F0033FCB4 /* PostType.swift */ = {isa = PBXFileReference; lastKnownFileType = sourcecode.swift; path = PostType.swift; sourceTree = "<group>"; };
		6BC426402918ED0E00FBFE53 /* FriendListTableViewController.swift */ = {isa = PBXFileReference; lastKnownFileType = sourcecode.swift; path = FriendListTableViewController.swift; sourceTree = "<group>"; };
		6BC426432918F07900FBFE53 /* FriendPhotoCollectionViewController.swift */ = {isa = PBXFileReference; lastKnownFileType = sourcecode.swift; path = FriendPhotoCollectionViewController.swift; sourceTree = "<group>"; };
		6BC426472918F57A00FBFE53 /* NetworkUnit.swift */ = {isa = PBXFileReference; lastKnownFileType = sourcecode.swift; path = NetworkUnit.swift; sourceTree = "<group>"; };
		6BC4264C2918F61C00FBFE53 /* UserInfo.swift */ = {isa = PBXFileReference; lastKnownFileType = sourcecode.swift; path = UserInfo.swift; sourceTree = "<group>"; };
		6BC4264F2918F7C600FBFE53 /* GroupsInfo.swift */ = {isa = PBXFileReference; lastKnownFileType = sourcecode.swift; path = GroupsInfo.swift; sourceTree = "<group>"; };
		6BC426522918FF4C00FBFE53 /* ClientsGroupsTableViewController.swift */ = {isa = PBXFileReference; lastKnownFileType = sourcecode.swift; path = ClientsGroupsTableViewController.swift; sourceTree = "<group>"; };
		6BC426552919001100FBFE53 /* SearchGroupTableViewController.swift */ = {isa = PBXFileReference; lastKnownFileType = sourcecode.swift; path = SearchGroupTableViewController.swift; sourceTree = "<group>"; };
		6BC4F44B292DD79F00F54785 /* NetworkServicable.swift */ = {isa = PBXFileReference; lastKnownFileType = sourcecode.swift; path = NetworkServicable.swift; sourceTree = "<group>"; };
		6BC4F44D292DD7EB00F54785 /* NetworkService.swift */ = {isa = PBXFileReference; lastKnownFileType = sourcecode.swift; path = NetworkService.swift; sourceTree = "<group>"; };
		6BCBBEB42937B34600E6FEB8 /* Session.swift */ = {isa = PBXFileReference; fileEncoding = 4; lastKnownFileType = sourcecode.swift; path = Session.swift; sourceTree = "<group>"; };
		6BE3782C291A003900A0DBB0 /* PhotoCollectionViewCell.swift */ = {isa = PBXFileReference; lastKnownFileType = sourcecode.swift; path = PhotoCollectionViewCell.swift; sourceTree = "<group>"; };
		6BE53E7B291CAB23003C3750 /* ShowFriendPhotoScreenViewController.swift */ = {isa = PBXFileReference; lastKnownFileType = sourcecode.swift; path = ShowFriendPhotoScreenViewController.swift; sourceTree = "<group>"; };
		6BE53E7D291CAB96003C3750 /* ShowPhotoView.xib */ = {isa = PBXFileReference; lastKnownFileType = file.xib; path = ShowPhotoView.xib; sourceTree = "<group>"; };
		6BE53E7F291CABC7003C3750 /* ShowPhotoView.swift */ = {isa = PBXFileReference; lastKnownFileType = sourcecode.swift; path = ShowPhotoView.swift; sourceTree = "<group>"; };
		6BE949D9292F348D0091DF14 /* FriendsResponse.swift */ = {isa = PBXFileReference; lastKnownFileType = sourcecode.swift; path = FriendsResponse.swift; sourceTree = "<group>"; };
		D6E8662B732E19A1E22C4722 /* Pods_VK.framework */ = {isa = PBXFileReference; explicitFileType = wrapper.framework; includeInIndex = 0; path = Pods_VK.framework; sourceTree = BUILT_PRODUCTS_DIR; };
/* End PBXFileReference section */

/* Begin PBXFrameworksBuildPhase section */
		6B769F0F2910E2210091426C /* Frameworks */ = {
			isa = PBXFrameworksBuildPhase;
			buildActionMask = 2147483647;
			files = (
				860E5B1C578081B42B5189E1 /* Pods_VK.framework in Frameworks */,
			);
			runOnlyForDeploymentPostprocessing = 0;
		};
/* End PBXFrameworksBuildPhase section */

/* Begin PBXGroup section */
		29033702507C2B16995A24AA /* Frameworks */ = {
			isa = PBXGroup;
			children = (
				D6E8662B732E19A1E22C4722 /* Pods_VK.framework */,
			);
			name = Frameworks;
			sourceTree = "<group>";
		};
		6B1E28C2293462D6001E6D14 /* ReusebleView */ = {
			isa = PBXGroup;
			children = (
				6B1E28C529346338001E6D14 /* PhotoCollectionReusableView.swift */,
				6B1E28C629346338001E6D14 /* PhotoCollectionReusableView.xib */,
			);
			path = ReusebleView;
			sourceTree = "<group>";
		};
		6B4D6B17291B165800561929 /* GroupNewsScreen */ = {
			isa = PBXGroup;
			children = (
				6B5E77B5293FAC0400AAE0E5 /* Cells */,
				6B4D6B1D291B16E600561929 /* GroupTableViewController.swift */,
				6B4D6B1F291B1E5800561929 /* NewTableViewCell.swift */,
				6B4D6B20291B1E5800561929 /* NewTableViewCell.xib */,
			);
			path = GroupNewsScreen;
			sourceTree = "<group>";
		};
		6B4D6B23291B51F400561929 /* AnimatedViews */ = {
			isa = PBXGroup;
			children = (
				6B4D6B24291B520B00561929 /* Loader.swift */,
			);
			path = AnimatedViews;
			sourceTree = "<group>";
		};
		6B5E77B5293FAC0400AAE0E5 /* Cells */ = {
			isa = PBXGroup;
			children = (
				6B5E77C5293FACF500AAE0E5 /* UsersReactionCell */,
				6B5E77C0293FACCE00AAE0E5 /* ImageCell */,
				6B5E77BB293FACAA00AAE0E5 /* TextCell */,
				6B5E77BA293FAC9D00AAE0E5 /* NameDateCell */,
				6BB9E7B8293FD0C60033FCB4 /* NewsPostCellProtocol.swift */,
			);
			path = Cells;
			sourceTree = "<group>";
		};
		6B5E77BA293FAC9D00AAE0E5 /* NameDateCell */ = {
			isa = PBXGroup;
			children = (
				6B5E77B6293FAC9900AAE0E5 /* NameDateCell.swift */,
				6B5E77B7293FAC9900AAE0E5 /* NameDateCell.xib */,
			);
			path = NameDateCell;
			sourceTree = "<group>";
		};
		6B5E77BB293FACAA00AAE0E5 /* TextCell */ = {
			isa = PBXGroup;
			children = (
				6B5E77BC293FACC700AAE0E5 /* TextCell.swift */,
				6B5E77BD293FACC700AAE0E5 /* TextCell.xib */,
			);
			path = TextCell;
			sourceTree = "<group>";
		};
		6B5E77C0293FACCE00AAE0E5 /* ImageCell */ = {
			isa = PBXGroup;
			children = (
				6B5E77C1293FACE500AAE0E5 /* ImageCell.swift */,
				6B5E77C2293FACE500AAE0E5 /* ImageCell.xib */,
			);
			path = ImageCell;
			sourceTree = "<group>";
		};
		6B5E77C5293FACF500AAE0E5 /* UsersReactionCell */ = {
			isa = PBXGroup;
			children = (
				6B5E77C6293FAD0D00AAE0E5 /* UsersReactionsCell.swift */,
				6B5E77C7293FAD0D00AAE0E5 /* UsersReactionsCell.xib */,
			);
			path = UsersReactionCell;
			sourceTree = "<group>";
		};
		6B5E77D6293FCA0E00AAE0E5 /* NewsPostModels */ = {
			isa = PBXGroup;
			children = (
				6B5E77CA293FC53200AAE0E5 /* NewsPostResponse.swift */,
				6B5E77CC293FC5AA00AAE0E5 /* NewsPostItem.swift */,
				6B5E77CE293FC61800AAE0E5 /* Comments.swift */,
				6B5E77D0293FC66C00AAE0E5 /* Likes.swift */,
				6B5E77D2293FC6A000AAE0E5 /* Reposts.swift */,
				6B5E77D4293FC72600AAE0E5 /* PostsAttachment.swift */,
				6BB9E7BC2940596F0033FCB4 /* PostType.swift */,
			);
			path = NewsPostModels;
			sourceTree = "<group>";
		};
		6B6CD89E29199077009130D3 /* Extension */ = {
			isa = PBXGroup;
			children = (
				6B6CD89F29199086009130D3 /* Array+Extension.swift */,
				6BB9E7BA29403EBE0033FCB4 /* UIImageVIew+Extension.swift */,
			);
			path = Extension;
			sourceTree = "<group>";
		};
		6B769F092910E2210091426C = {
			isa = PBXGroup;
			children = (
				6B769F142910E2210091426C /* VK */,
				6B769F132910E2210091426C /* Products */,
				99017E5C504989AED70C59C4 /* Pods */,
				29033702507C2B16995A24AA /* Frameworks */,
			);
			sourceTree = "<group>";
		};
		6B769F132910E2210091426C /* Products */ = {
			isa = PBXGroup;
			children = (
				6B769F122910E2210091426C /* VK.app */,
			);
			name = Products;
			sourceTree = "<group>";
		};
		6B769F142910E2210091426C /* VK */ = {
			isa = PBXGroup;
			children = (
				6BA6FD4229427AAC00015C7E /* Operations */,
				6B6CD89E29199077009130D3 /* Extension */,
				6BC4F44A292DD78B00F54785 /* Services */,
				6B85694E291DA9D700510E21 /* CustomNavController */,
				6BE53E7A291CAAFB003C3750 /* ShowFriendPhotoScreen */,
				6B4D6B23291B51F400561929 /* AnimatedViews */,
				6B4D6B17291B165800561929 /* GroupNewsScreen */,
				6BC426542918FFE700FBFE53 /* SearchGroupScreen */,
				6BC426512918FF1800FBFE53 /* ClientsGroupsScreen */,
				6BC4264A2918F5F400FBFE53 /* SupportInfo */,
				6BC426462918F56D00FBFE53 /* NetworkUnit */,
				6B769F2B2910E33F0091426C /* AuthorizationScreen */,
				6BC426422918F05400FBFE53 /* FriendPhotoScreen */,
				6BC4263D2918ECC900FBFE53 /* FriendListScreen */,
				6B769F152910E2210091426C /* AppDelegate.swift */,
				6B769F1B2910E2210091426C /* Main.storyboard */,
				6B769F172910E2210091426C /* SceneDelegate.swift */,
				6B769F1E2910E2230091426C /* Assets.xcassets */,
				6B769F202910E2230091426C /* LaunchScreen.storyboard */,
				6B769F232910E2230091426C /* Info.plist */,
			);
			path = VK;
			sourceTree = "<group>";
		};
		6B769F2B2910E33F0091426C /* AuthorizationScreen */ = {
			isa = PBXGroup;
			children = (
				6BCBBEB42937B34600E6FEB8 /* Session.swift */,
				6B769F192910E2210091426C /* AuthorizationViewController.swift */,
			);
			path = AuthorizationScreen;
			sourceTree = "<group>";
		};
		6B85694C291D70BC00510E21 /* CustomTransition */ = {
			isa = PBXGroup;
			children = (
			);
			path = CustomTransition;
			sourceTree = "<group>";
		};
		6B85694E291DA9D700510E21 /* CustomNavController */ = {
			isa = PBXGroup;
			children = (
				6B856957291E197E00510E21 /* Animation */,
				6B85694F291DA9F400510E21 /* CustomNavigationController.swift */,
			);
			path = CustomNavController;
			sourceTree = "<group>";
		};
		6B856957291E197E00510E21 /* Animation */ = {
			isa = PBXGroup;
			children = (
				6B856951291E112F00510E21 /* CustomInteractionTransition.swift */,
				6B856953291E11BD00510E21 /* PopAnimator.swift */,
				6B856955291E133100510E21 /* PushAnimator.swift */,
			);
			path = Animation;
			sourceTree = "<group>";
		};
		6BA6FD4229427AAC00015C7E /* Operations */ = {
			isa = PBXGroup;
			children = (
				6BA6FD4329427AC800015C7E /* AsyncOperation.swift */,
			);
			path = Operations;
			sourceTree = "<group>";
		};
		6BA6FD452942826700015C7E /* NetworkServicesOperations */ = {
			isa = PBXGroup;
			children = (
				6BA6FD462942829E00015C7E /* FetchFriendsAsyncOperation.swift */,
			);
			path = NetworkServicesOperations;
			sourceTree = "<group>";
		};
		6BA6FD482942889100015C7E /* DataBaseServiceOperations */ = {
			isa = PBXGroup;
			children = (
				6BA6FD49294288B700015C7E /* SaveDataOperation.swift */,
			);
			path = DataBaseServiceOperations;
			sourceTree = "<group>";
		};
		6BC4263D2918ECC900FBFE53 /* FriendListScreen */ = {
			isa = PBXGroup;
			children = (
				6B85694C291D70BC00510E21 /* CustomTransition */,
				6BC426402918ED0E00FBFE53 /* FriendListTableViewController.swift */,
			);
			path = FriendListScreen;
			sourceTree = "<group>";
		};
		6BC426422918F05400FBFE53 /* FriendPhotoScreen */ = {
			isa = PBXGroup;
			children = (
				6B1E28C2293462D6001E6D14 /* ReusebleView */,
				6BE3782B291A001600A0DBB0 /* Cell */,
				6BC426432918F07900FBFE53 /* FriendPhotoCollectionViewController.swift */,
			);
			path = FriendPhotoScreen;
			sourceTree = "<group>";
		};
		6BC426462918F56D00FBFE53 /* NetworkUnit */ = {
			isa = PBXGroup;
			children = (
				6BC426472918F57A00FBFE53 /* NetworkUnit.swift */,
			);
			path = NetworkUnit;
			sourceTree = "<group>";
		};
		6BC4264A2918F5F400FBFE53 /* SupportInfo */ = {
			isa = PBXGroup;
			children = (
				6B888F6C2911A9FA00C4D7A3 /* StringsConstants.swift */,
				6BC4264E2918F7B100FBFE53 /* Communities */,
				6BC4264B2918F60100FBFE53 /* Users */,
			);
			path = SupportInfo;
			sourceTree = "<group>";
		};
		6BC4264B2918F60100FBFE53 /* Users */ = {
			isa = PBXGroup;
			children = (
				6BC4264C2918F61C00FBFE53 /* UserInfo.swift */,
			);
			path = Users;
			sourceTree = "<group>";
		};
		6BC4264E2918F7B100FBFE53 /* Communities */ = {
			isa = PBXGroup;
			children = (
				6BC4264F2918F7C600FBFE53 /* GroupsInfo.swift */,
			);
			path = Communities;
			sourceTree = "<group>";
		};
		6BC426512918FF1800FBFE53 /* ClientsGroupsScreen */ = {
			isa = PBXGroup;
			children = (
				6BC426522918FF4C00FBFE53 /* ClientsGroupsTableViewController.swift */,
			);
			path = ClientsGroupsScreen;
			sourceTree = "<group>";
		};
		6BC426542918FFE700FBFE53 /* SearchGroupScreen */ = {
			isa = PBXGroup;
			children = (
				6BC42657291900FB00FBFE53 /* Cells */,
				6BC426552919001100FBFE53 /* SearchGroupTableViewController.swift */,
			);
			path = SearchGroupScreen;
			sourceTree = "<group>";
		};
		6BC42657291900FB00FBFE53 /* Cells */ = {
			isa = PBXGroup;
			children = (
				6B6CD89A29197D0D009130D3 /* CommonGroupTableViewCell.swift */,
				6B6CD89B29197D0D009130D3 /* CommonGroupTableViewCell.xib */,
			);
			path = Cells;
			sourceTree = "<group>";
		};
		6BC4F44A292DD78B00F54785 /* Services */ = {
			isa = PBXGroup;
			children = (
				6BA6FD482942889100015C7E /* DataBaseServiceOperations */,
				6BA6FD452942826700015C7E /* NetworkServicesOperations */,
				6BE949D8292F34770091DF14 /* Models */,
				6BC4F44B292DD79F00F54785 /* NetworkServicable.swift */,
				6BC4F44D292DD7EB00F54785 /* NetworkService.swift */,
				6B2BC18429386BC900E28711 /* DataBaseService.swift */,
			);
			path = Services;
			sourceTree = "<group>";
		};
		6BE3782B291A001600A0DBB0 /* Cell */ = {
			isa = PBXGroup;
			children = (
				6BE3782C291A003900A0DBB0 /* PhotoCollectionViewCell.swift */,
			);
			path = Cell;
			sourceTree = "<group>";
		};
		6BE53E7A291CAAFB003C3750 /* ShowFriendPhotoScreen */ = {
			isa = PBXGroup;
			children = (
				6BE53E7B291CAB23003C3750 /* ShowFriendPhotoScreenViewController.swift */,
				6BE53E7D291CAB96003C3750 /* ShowPhotoView.xib */,
				6BE53E7F291CABC7003C3750 /* ShowPhotoView.swift */,
			);
			path = ShowFriendPhotoScreen;
			sourceTree = "<group>";
		};
		6BE949D8292F34770091DF14 /* Models */ = {
			isa = PBXGroup;
			children = (
				6B5E77D6293FCA0E00AAE0E5 /* NewsPostModels */,
				6BE949D9292F348D0091DF14 /* FriendsResponse.swift */,
				6B8FD30C2937BFE300053BBA /* Friend.swift */,
				6B8FD30E2937C00300053BBA /* City.swift */,
				6B80DFE429307251008B8FBD /* GroupsResponse.swift */,
				6B80DFE629308BFB008B8FBD /* PhotoResponse.swift */,
				6B8FD3102937C04B00053BBA /* Group.swift */,
				6B8FD3122937C0B400053BBA /* PhotoItems.swift */,
				6B8FD3142937C0DA00053BBA /* Size.swift */,
				6B8FD3162937D40E00053BBA /* Photo.swift */,
			);
			path = Models;
			sourceTree = "<group>";
		};
		99017E5C504989AED70C59C4 /* Pods */ = {
			isa = PBXGroup;
			children = (
				38D97EF06FFBC5CD80E83D40 /* Pods-VK.debug.xcconfig */,
				4586AE3DF63ECD2ABACB7DE9 /* Pods-VK.release.xcconfig */,
			);
			path = Pods;
			sourceTree = "<group>";
		};
/* End PBXGroup section */

/* Begin PBXNativeTarget section */
		6B769F112910E2210091426C /* VK */ = {
			isa = PBXNativeTarget;
			buildConfigurationList = 6B769F262910E2230091426C /* Build configuration list for PBXNativeTarget "VK" */;
			buildPhases = (
				F4D302C17C2D00DF42C265BF /* [CP] Check Pods Manifest.lock */,
				6B769F292910E2300091426C /* Swiftformat */,
				6B769F2A2910E2960091426C /* Swiftlint */,
				6B769F0E2910E2210091426C /* Sources */,
				6B769F0F2910E2210091426C /* Frameworks */,
				6B769F102910E2210091426C /* Resources */,
				DA312D11E9D0753CAD9EDE0A /* [CP] Embed Pods Frameworks */,
			);
			buildRules = (
			);
			dependencies = (
			);
			name = VK;
			productName = VK;
			productReference = 6B769F122910E2210091426C /* VK.app */;
			productType = "com.apple.product-type.application";
		};
/* End PBXNativeTarget section */

/* Begin PBXProject section */
		6B769F0A2910E2210091426C /* Project object */ = {
			isa = PBXProject;
			attributes = {
				BuildIndependentTargetsInParallel = 1;
				LastSwiftUpdateCheck = 1340;
				LastUpgradeCheck = 1340;
				TargetAttributes = {
					6B769F112910E2210091426C = {
						CreatedOnToolsVersion = 13.4.1;
					};
				};
			};
			buildConfigurationList = 6B769F0D2910E2210091426C /* Build configuration list for PBXProject "VK" */;
			compatibilityVersion = "Xcode 13.0";
			developmentRegion = en;
			hasScannedForEncodings = 0;
			knownRegions = (
				en,
				Base,
			);
			mainGroup = 6B769F092910E2210091426C;
			productRefGroup = 6B769F132910E2210091426C /* Products */;
			projectDirPath = "";
			projectRoot = "";
			targets = (
				6B769F112910E2210091426C /* VK */,
			);
		};
/* End PBXProject section */

/* Begin PBXResourcesBuildPhase section */
		6B769F102910E2210091426C /* Resources */ = {
			isa = PBXResourcesBuildPhase;
			buildActionMask = 2147483647;
			files = (
				6B5E77B9293FAC9900AAE0E5 /* NameDateCell.xib in Resources */,
				6B769F222910E2230091426C /* LaunchScreen.storyboard in Resources */,
				6B769F1F2910E2230091426C /* Assets.xcassets in Resources */,
				6B5E77C4293FACE500AAE0E5 /* ImageCell.xib in Resources */,
				6B4D6B22291B1E5800561929 /* NewTableViewCell.xib in Resources */,
				6B1E28C829346338001E6D14 /* PhotoCollectionReusableView.xib in Resources */,
				6B6CD89D29197D0D009130D3 /* CommonGroupTableViewCell.xib in Resources */,
				6B5E77BF293FACC700AAE0E5 /* TextCell.xib in Resources */,
				6BE53E7E291CAB96003C3750 /* ShowPhotoView.xib in Resources */,
				6B769F1D2910E2210091426C /* Main.storyboard in Resources */,
				6B5E77C9293FAD0D00AAE0E5 /* UsersReactionsCell.xib in Resources */,
			);
			runOnlyForDeploymentPostprocessing = 0;
		};
/* End PBXResourcesBuildPhase section */

/* Begin PBXShellScriptBuildPhase section */
		6B769F292910E2300091426C /* Swiftformat */ = {
			isa = PBXShellScriptBuildPhase;
			buildActionMask = 2147483647;
			files = (
			);
			inputFileListPaths = (
			);
			inputPaths = (
			);
			name = Swiftformat;
			outputFileListPaths = (
			);
			outputPaths = (
			);
			runOnlyForDeploymentPostprocessing = 0;
			shellPath = /bin/sh;
			shellScript = "export PATH=\"$PATH:/opt/homebrew/bin\"\n\nif which swiftformat >/dev/null; then\n  swiftformat .\nelse\n  echo \"warning: SwiftFormat not installed, download from https://github.com/nicklockwood/SwiftFormat\"\nfi\n";
		};
		6B769F2A2910E2960091426C /* Swiftlint */ = {
			isa = PBXShellScriptBuildPhase;
			buildActionMask = 2147483647;
			files = (
			);
			inputFileListPaths = (
			);
			inputPaths = (
			);
			name = Swiftlint;
			outputFileListPaths = (
			);
			outputPaths = (
			);
			runOnlyForDeploymentPostprocessing = 0;
			shellPath = /bin/sh;
			shellScript = "export PATH=\"$PATH:/opt/homebrew/bin\"\nif which swiftlint > /dev/null; then\n  swiftlint\nelse\n  echo \"warning: SwiftLint not installed, download from https://github.com/realm/SwiftLint\"\nfi\n";
		};
		DA312D11E9D0753CAD9EDE0A /* [CP] Embed Pods Frameworks */ = {
			isa = PBXShellScriptBuildPhase;
			buildActionMask = 2147483647;
			files = (
			);
			inputFileListPaths = (
				"${PODS_ROOT}/Target Support Files/Pods-VK/Pods-VK-frameworks-${CONFIGURATION}-input-files.xcfilelist",
			);
			name = "[CP] Embed Pods Frameworks";
			outputFileListPaths = (
				"${PODS_ROOT}/Target Support Files/Pods-VK/Pods-VK-frameworks-${CONFIGURATION}-output-files.xcfilelist",
			);
			runOnlyForDeploymentPostprocessing = 0;
			shellPath = /bin/sh;
			shellScript = "\"${PODS_ROOT}/Target Support Files/Pods-VK/Pods-VK-frameworks.sh\"\n";
			showEnvVarsInLog = 0;
		};
		F4D302C17C2D00DF42C265BF /* [CP] Check Pods Manifest.lock */ = {
			isa = PBXShellScriptBuildPhase;
			buildActionMask = 2147483647;
			files = (
			);
			inputFileListPaths = (
			);
			inputPaths = (
				"${PODS_PODFILE_DIR_PATH}/Podfile.lock",
				"${PODS_ROOT}/Manifest.lock",
			);
			name = "[CP] Check Pods Manifest.lock";
			outputFileListPaths = (
			);
			outputPaths = (
				"$(DERIVED_FILE_DIR)/Pods-VK-checkManifestLockResult.txt",
			);
			runOnlyForDeploymentPostprocessing = 0;
			shellPath = /bin/sh;
			shellScript = "diff \"${PODS_PODFILE_DIR_PATH}/Podfile.lock\" \"${PODS_ROOT}/Manifest.lock\" > /dev/null\nif [ $? != 0 ] ; then\n    # print error to STDERR\n    echo \"error: The sandbox is not in sync with the Podfile.lock. Run 'pod install' or update your CocoaPods installation.\" >&2\n    exit 1\nfi\n# This output is used by Xcode 'outputs' to avoid re-running this script phase.\necho \"SUCCESS\" > \"${SCRIPT_OUTPUT_FILE_0}\"\n";
			showEnvVarsInLog = 0;
		};
/* End PBXShellScriptBuildPhase section */

/* Begin PBXSourcesBuildPhase section */
		6B769F0E2910E2210091426C /* Sources */ = {
			isa = PBXSourcesBuildPhase;
			buildActionMask = 2147483647;
			files = (
				6B8FD3112937C04B00053BBA /* Group.swift in Sources */,
				6B8FD3152937C0DA00053BBA /* Size.swift in Sources */,
				6B856954291E11BD00510E21 /* PopAnimator.swift in Sources */,
				6BC426562919001100FBFE53 /* SearchGroupTableViewController.swift in Sources */,
				6B5E77D1293FC66C00AAE0E5 /* Likes.swift in Sources */,
				6B2BC18529386BC900E28711 /* DataBaseService.swift in Sources */,
				6BC426482918F57A00FBFE53 /* NetworkUnit.swift in Sources */,
				6BA6FD4A294288B700015C7E /* SaveDataOperation.swift in Sources */,
				6B80DFE529307251008B8FBD /* GroupsResponse.swift in Sources */,
				6B5E77BE293FACC700AAE0E5 /* TextCell.swift in Sources */,
				6BE53E7C291CAB23003C3750 /* ShowFriendPhotoScreenViewController.swift in Sources */,
				6B888F6D2911A9FA00C4D7A3 /* StringsConstants.swift in Sources */,
				6BA6FD472942829E00015C7E /* FetchFriendsAsyncOperation.swift in Sources */,
				6B6CD89C29197D0D009130D3 /* CommonGroupTableViewCell.swift in Sources */,
				6B5E77CB293FC53200AAE0E5 /* NewsPostResponse.swift in Sources */,
				6BA6FD4429427AC800015C7E /* AsyncOperation.swift in Sources */,
				6BC426442918F07900FBFE53 /* FriendPhotoCollectionViewController.swift in Sources */,
				6B856950291DA9F400510E21 /* CustomNavigationController.swift in Sources */,
				6B8FD3132937C0B400053BBA /* PhotoItems.swift in Sources */,
				6B8FD3172937D40E00053BBA /* Photo.swift in Sources */,
				6BC426412918ED0E00FBFE53 /* FriendListTableViewController.swift in Sources */,
				6B5E77CD293FC5AA00AAE0E5 /* NewsPostItem.swift in Sources */,
				6BC4264D2918F61C00FBFE53 /* UserInfo.swift in Sources */,
				6B5E77D3293FC6A000AAE0E5 /* Reposts.swift in Sources */,
				6B5E77B8293FAC9900AAE0E5 /* NameDateCell.swift in Sources */,
				6B1E28C729346338001E6D14 /* PhotoCollectionReusableView.swift in Sources */,
				6BC4F44E292DD7EB00F54785 /* NetworkService.swift in Sources */,
				6BC426502918F7C600FBFE53 /* GroupsInfo.swift in Sources */,
				6BC4F44C292DD79F00F54785 /* NetworkServicable.swift in Sources */,
				6BB9E7BB29403EBE0033FCB4 /* UIImageVIew+Extension.swift in Sources */,
				6BB9E7B9293FD0C60033FCB4 /* NewsPostCellProtocol.swift in Sources */,
				6B4D6B25291B520B00561929 /* Loader.swift in Sources */,
				6BE949DA292F348D0091DF14 /* FriendsResponse.swift in Sources */,
				6B5E77D5293FC72600AAE0E5 /* PostsAttachment.swift in Sources */,
				6B769F1A2910E2210091426C /* AuthorizationViewController.swift in Sources */,
				6B856952291E112F00510E21 /* CustomInteractionTransition.swift in Sources */,
				6BB9E7BD2940596F0033FCB4 /* PostType.swift in Sources */,
				6BC426532918FF4C00FBFE53 /* ClientsGroupsTableViewController.swift in Sources */,
				6BCBBEB52937B34700E6FEB8 /* Session.swift in Sources */,
				6BE53E80291CABC7003C3750 /* ShowPhotoView.swift in Sources */,
				6B5E77CF293FC61800AAE0E5 /* Comments.swift in Sources */,
				6B5E77C3293FACE500AAE0E5 /* ImageCell.swift in Sources */,
				6B856956291E133100510E21 /* PushAnimator.swift in Sources */,
				6B769F162910E2210091426C /* AppDelegate.swift in Sources */,
				6B5E77C8293FAD0D00AAE0E5 /* UsersReactionsCell.swift in Sources */,
				6BE3782D291A003900A0DBB0 /* PhotoCollectionViewCell.swift in Sources */,
				6B80DFE729308BFB008B8FBD /* PhotoResponse.swift in Sources */,
				6B8FD30D2937BFE300053BBA /* Friend.swift in Sources */,
				6B4D6B1E291B16E600561929 /* GroupTableViewController.swift in Sources */,
				6B769F182910E2210091426C /* SceneDelegate.swift in Sources */,
				6B4D6B21291B1E5800561929 /* NewTableViewCell.swift in Sources */,
				6B8FD30F2937C00300053BBA /* City.swift in Sources */,
				6B6CD8A029199086009130D3 /* Array+Extension.swift in Sources */,
			);
			runOnlyForDeploymentPostprocessing = 0;
		};
/* End PBXSourcesBuildPhase section */

/* Begin PBXVariantGroup section */
		6B769F1B2910E2210091426C /* Main.storyboard */ = {
			isa = PBXVariantGroup;
			children = (
				6B769F1C2910E2210091426C /* Base */,
			);
			name = Main.storyboard;
			sourceTree = "<group>";
		};
		6B769F202910E2230091426C /* LaunchScreen.storyboard */ = {
			isa = PBXVariantGroup;
			children = (
				6B769F212910E2230091426C /* Base */,
			);
			name = LaunchScreen.storyboard;
			sourceTree = "<group>";
		};
/* End PBXVariantGroup section */

/* Begin XCBuildConfiguration section */
		6B769F242910E2230091426C /* Debug */ = {
			isa = XCBuildConfiguration;
			buildSettings = {
				ALWAYS_SEARCH_USER_PATHS = NO;
				CLANG_ANALYZER_NONNULL = YES;
				CLANG_ANALYZER_NUMBER_OBJECT_CONVERSION = YES_AGGRESSIVE;
				CLANG_CXX_LANGUAGE_STANDARD = "gnu++17";
				CLANG_ENABLE_MODULES = YES;
				CLANG_ENABLE_OBJC_ARC = YES;
				CLANG_ENABLE_OBJC_WEAK = YES;
				CLANG_WARN_BLOCK_CAPTURE_AUTORELEASING = YES;
				CLANG_WARN_BOOL_CONVERSION = YES;
				CLANG_WARN_COMMA = YES;
				CLANG_WARN_CONSTANT_CONVERSION = YES;
				CLANG_WARN_DEPRECATED_OBJC_IMPLEMENTATIONS = YES;
				CLANG_WARN_DIRECT_OBJC_ISA_USAGE = YES_ERROR;
				CLANG_WARN_DOCUMENTATION_COMMENTS = YES;
				CLANG_WARN_EMPTY_BODY = YES;
				CLANG_WARN_ENUM_CONVERSION = YES;
				CLANG_WARN_INFINITE_RECURSION = YES;
				CLANG_WARN_INT_CONVERSION = YES;
				CLANG_WARN_NON_LITERAL_NULL_CONVERSION = YES;
				CLANG_WARN_OBJC_IMPLICIT_RETAIN_SELF = YES;
				CLANG_WARN_OBJC_LITERAL_CONVERSION = YES;
				CLANG_WARN_OBJC_ROOT_CLASS = YES_ERROR;
				CLANG_WARN_QUOTED_INCLUDE_IN_FRAMEWORK_HEADER = YES;
				CLANG_WARN_RANGE_LOOP_ANALYSIS = YES;
				CLANG_WARN_STRICT_PROTOTYPES = YES;
				CLANG_WARN_SUSPICIOUS_MOVE = YES;
				CLANG_WARN_UNGUARDED_AVAILABILITY = YES_AGGRESSIVE;
				CLANG_WARN_UNREACHABLE_CODE = YES;
				CLANG_WARN__DUPLICATE_METHOD_MATCH = YES;
				COPY_PHASE_STRIP = NO;
				DEBUG_INFORMATION_FORMAT = dwarf;
				ENABLE_STRICT_OBJC_MSGSEND = YES;
				ENABLE_TESTABILITY = YES;
				GCC_C_LANGUAGE_STANDARD = gnu11;
				GCC_DYNAMIC_NO_PIC = NO;
				GCC_NO_COMMON_BLOCKS = YES;
				GCC_OPTIMIZATION_LEVEL = 0;
				GCC_PREPROCESSOR_DEFINITIONS = (
					"DEBUG=1",
					"$(inherited)",
				);
				GCC_WARN_64_TO_32_BIT_CONVERSION = YES;
				GCC_WARN_ABOUT_RETURN_TYPE = YES_ERROR;
				GCC_WARN_UNDECLARED_SELECTOR = YES;
				GCC_WARN_UNINITIALIZED_AUTOS = YES_AGGRESSIVE;
				GCC_WARN_UNUSED_FUNCTION = YES;
				GCC_WARN_UNUSED_VARIABLE = YES;
				IPHONEOS_DEPLOYMENT_TARGET = 15.5;
				MTL_ENABLE_DEBUG_INFO = INCLUDE_SOURCE;
				MTL_FAST_MATH = YES;
				ONLY_ACTIVE_ARCH = YES;
				SDKROOT = iphoneos;
				SWIFT_ACTIVE_COMPILATION_CONDITIONS = DEBUG;
				SWIFT_OPTIMIZATION_LEVEL = "-Onone";
			};
			name = Debug;
		};
		6B769F252910E2230091426C /* Release */ = {
			isa = XCBuildConfiguration;
			buildSettings = {
				ALWAYS_SEARCH_USER_PATHS = NO;
				CLANG_ANALYZER_NONNULL = YES;
				CLANG_ANALYZER_NUMBER_OBJECT_CONVERSION = YES_AGGRESSIVE;
				CLANG_CXX_LANGUAGE_STANDARD = "gnu++17";
				CLANG_ENABLE_MODULES = YES;
				CLANG_ENABLE_OBJC_ARC = YES;
				CLANG_ENABLE_OBJC_WEAK = YES;
				CLANG_WARN_BLOCK_CAPTURE_AUTORELEASING = YES;
				CLANG_WARN_BOOL_CONVERSION = YES;
				CLANG_WARN_COMMA = YES;
				CLANG_WARN_CONSTANT_CONVERSION = YES;
				CLANG_WARN_DEPRECATED_OBJC_IMPLEMENTATIONS = YES;
				CLANG_WARN_DIRECT_OBJC_ISA_USAGE = YES_ERROR;
				CLANG_WARN_DOCUMENTATION_COMMENTS = YES;
				CLANG_WARN_EMPTY_BODY = YES;
				CLANG_WARN_ENUM_CONVERSION = YES;
				CLANG_WARN_INFINITE_RECURSION = YES;
				CLANG_WARN_INT_CONVERSION = YES;
				CLANG_WARN_NON_LITERAL_NULL_CONVERSION = YES;
				CLANG_WARN_OBJC_IMPLICIT_RETAIN_SELF = YES;
				CLANG_WARN_OBJC_LITERAL_CONVERSION = YES;
				CLANG_WARN_OBJC_ROOT_CLASS = YES_ERROR;
				CLANG_WARN_QUOTED_INCLUDE_IN_FRAMEWORK_HEADER = YES;
				CLANG_WARN_RANGE_LOOP_ANALYSIS = YES;
				CLANG_WARN_STRICT_PROTOTYPES = YES;
				CLANG_WARN_SUSPICIOUS_MOVE = YES;
				CLANG_WARN_UNGUARDED_AVAILABILITY = YES_AGGRESSIVE;
				CLANG_WARN_UNREACHABLE_CODE = YES;
				CLANG_WARN__DUPLICATE_METHOD_MATCH = YES;
				COPY_PHASE_STRIP = NO;
				DEBUG_INFORMATION_FORMAT = "dwarf-with-dsym";
				ENABLE_NS_ASSERTIONS = NO;
				ENABLE_STRICT_OBJC_MSGSEND = YES;
				GCC_C_LANGUAGE_STANDARD = gnu11;
				GCC_NO_COMMON_BLOCKS = YES;
				GCC_WARN_64_TO_32_BIT_CONVERSION = YES;
				GCC_WARN_ABOUT_RETURN_TYPE = YES_ERROR;
				GCC_WARN_UNDECLARED_SELECTOR = YES;
				GCC_WARN_UNINITIALIZED_AUTOS = YES_AGGRESSIVE;
				GCC_WARN_UNUSED_FUNCTION = YES;
				GCC_WARN_UNUSED_VARIABLE = YES;
				IPHONEOS_DEPLOYMENT_TARGET = 15.5;
				MTL_ENABLE_DEBUG_INFO = NO;
				MTL_FAST_MATH = YES;
				SDKROOT = iphoneos;
				SWIFT_COMPILATION_MODE = wholemodule;
				SWIFT_OPTIMIZATION_LEVEL = "-O";
				VALIDATE_PRODUCT = YES;
			};
			name = Release;
		};
		6B769F272910E2230091426C /* Debug */ = {
			isa = XCBuildConfiguration;
			baseConfigurationReference = 38D97EF06FFBC5CD80E83D40 /* Pods-VK.debug.xcconfig */;
			buildSettings = {
				ASSETCATALOG_COMPILER_APPICON_NAME = AppIcon;
				ASSETCATALOG_COMPILER_GLOBAL_ACCENT_COLOR_NAME = AccentColor;
				CODE_SIGN_STYLE = Automatic;
				CURRENT_PROJECT_VERSION = 1;
				GENERATE_INFOPLIST_FILE = YES;
				INFOPLIST_FILE = VK/Info.plist;
				INFOPLIST_KEY_UIApplicationSupportsIndirectInputEvents = YES;
				INFOPLIST_KEY_UILaunchStoryboardName = LaunchScreen;
				INFOPLIST_KEY_UIMainStoryboardFile = Main;
				INFOPLIST_KEY_UISupportedInterfaceOrientations_iPad = "UIInterfaceOrientationPortrait UIInterfaceOrientationPortraitUpsideDown UIInterfaceOrientationLandscapeLeft UIInterfaceOrientationLandscapeRight";
				INFOPLIST_KEY_UISupportedInterfaceOrientations_iPhone = "UIInterfaceOrientationPortrait UIInterfaceOrientationLandscapeLeft UIInterfaceOrientationLandscapeRight";
				LD_RUNPATH_SEARCH_PATHS = (
					"$(inherited)",
					"@executable_path/Frameworks",
				);
				MARKETING_VERSION = 1.0;
				PRODUCT_BUNDLE_IDENTIFIER = someacc.VK;
				PRODUCT_NAME = "$(TARGET_NAME)";
				SWIFT_EMIT_LOC_STRINGS = YES;
				SWIFT_VERSION = 5.0;
				TARGETED_DEVICE_FAMILY = "1,2";
			};
			name = Debug;
		};
		6B769F282910E2230091426C /* Release */ = {
			isa = XCBuildConfiguration;
			baseConfigurationReference = 4586AE3DF63ECD2ABACB7DE9 /* Pods-VK.release.xcconfig */;
			buildSettings = {
				ASSETCATALOG_COMPILER_APPICON_NAME = AppIcon;
				ASSETCATALOG_COMPILER_GLOBAL_ACCENT_COLOR_NAME = AccentColor;
				CODE_SIGN_STYLE = Automatic;
				CURRENT_PROJECT_VERSION = 1;
				GENERATE_INFOPLIST_FILE = YES;
				INFOPLIST_FILE = VK/Info.plist;
				INFOPLIST_KEY_UIApplicationSupportsIndirectInputEvents = YES;
				INFOPLIST_KEY_UILaunchStoryboardName = LaunchScreen;
				INFOPLIST_KEY_UIMainStoryboardFile = Main;
				INFOPLIST_KEY_UISupportedInterfaceOrientations_iPad = "UIInterfaceOrientationPortrait UIInterfaceOrientationPortraitUpsideDown UIInterfaceOrientationLandscapeLeft UIInterfaceOrientationLandscapeRight";
				INFOPLIST_KEY_UISupportedInterfaceOrientations_iPhone = "UIInterfaceOrientationPortrait UIInterfaceOrientationLandscapeLeft UIInterfaceOrientationLandscapeRight";
				LD_RUNPATH_SEARCH_PATHS = (
					"$(inherited)",
					"@executable_path/Frameworks",
				);
				MARKETING_VERSION = 1.0;
				PRODUCT_BUNDLE_IDENTIFIER = someacc.VK;
				PRODUCT_NAME = "$(TARGET_NAME)";
				SWIFT_EMIT_LOC_STRINGS = YES;
				SWIFT_VERSION = 5.0;
				TARGETED_DEVICE_FAMILY = "1,2";
			};
			name = Release;
		};
/* End XCBuildConfiguration section */

/* Begin XCConfigurationList section */
		6B769F0D2910E2210091426C /* Build configuration list for PBXProject "VK" */ = {
			isa = XCConfigurationList;
			buildConfigurations = (
				6B769F242910E2230091426C /* Debug */,
				6B769F252910E2230091426C /* Release */,
			);
			defaultConfigurationIsVisible = 0;
			defaultConfigurationName = Release;
		};
		6B769F262910E2230091426C /* Build configuration list for PBXNativeTarget "VK" */ = {
			isa = XCConfigurationList;
			buildConfigurations = (
				6B769F272910E2230091426C /* Debug */,
				6B769F282910E2230091426C /* Release */,
			);
			defaultConfigurationIsVisible = 0;
			defaultConfigurationName = Release;
		};
/* End XCConfigurationList section */
	};
	rootObject = 6B769F0A2910E2210091426C /* Project object */;
}
